
Microsoft Visual Studio Solution File, Format Version 12.00
Project("{FAE04EC0-301F-11D3-BF4B-00C04F79EFBC}") = "igrwijaya.Identity.Firestore", "igrwijaya.Identity.Firestore\igrwijaya.Identity.Firestore.csproj", "{2CCA261A-CBCD-4CCA-A86A-6E33121830E3}"
EndProject
Project("{FAE04EC0-301F-11D3-BF4B-00C04F79EFBC}") = "igrwijaya.Test.Api", "igrwijaya.Test.Api\igrwijaya.Test.Api.csproj", "{D22A53A4-2E8C-40DA-89A1-BD31660E1953}"
EndProject
Global
	GlobalSection(SolutionConfigurationPlatforms) = preSolution
		Debug|Any CPU = Debug|Any CPU
		Release|Any CPU = Release|Any CPU
	EndGlobalSection
	GlobalSection(ProjectConfigurationPlatforms) = postSolution
		{2CCA261A-CBCD-4CCA-A86A-6E33121830E3}.Debug|Any CPU.ActiveCfg = Debug|Any CPU
		{2CCA261A-CBCD-4CCA-A86A-6E33121830E3}.Debug|Any CPU.Build.0 = Debug|Any CPU
		{2CCA261A-CBCD-4CCA-A86A-6E33121830E3}.Release|Any CPU.ActiveCfg = Release|Any CPU
		{2CCA261A-CBCD-4CCA-A86A-6E33121830E3}.Release|Any CPU.Build.0 = Release|Any CPU
		{D22A53A4-2E8C-40DA-89A1-BD31660E1953}.Debug|Any CPU.ActiveCfg = Debug|Any CPU
		{D22A53A4-2E8C-40DA-89A1-BD31660E1953}.Debug|Any CPU.Build.0 = Debug|Any CPU
		{D22A53A4-2E8C-40DA-89A1-BD31660E1953}.Release|Any CPU.ActiveCfg = Release|Any CPU
		{D22A53A4-2E8C-40DA-89A1-BD31660E1953}.Release|Any CPU.Build.0 = Release|Any CPU
	EndGlobalSection
EndGlobal
